
Microsoft Visual Studio Solution File, Format Version 12.00
# Visual Studio 15
VisualStudioVersion = 15.0.27130.0
MinimumVisualStudioVersion = 10.0.40219.1
Project("{FAE04EC0-301F-11D3-BF4B-00C04F79EFBC}") = "HAYNARESTAURANT.POS", "HAYNARESTAURANT.POS\HAYNARESTAURANT.POS.csproj", "{19E1C4ED-D3D8-4C19-A0BD-43279EDE13D5}"
EndProject
Project("{FAE04EC0-301F-11D3-BF4B-00C04F79EFBC}") = "HAYNARESTAURANT.Domain", "HAYNARESTAURANT.Domain\HAYNARESTAURANT.Domain.csproj", "{60C2440C-FF94-4A10-A2D1-F58FB6DCAD58}"
EndProject
Global
	GlobalSection(SolutionConfigurationPlatforms) = preSolution
		Debug|Any CPU = Debug|Any CPU
		Release|Any CPU = Release|Any CPU
	EndGlobalSection
	GlobalSection(ProjectConfigurationPlatforms) = postSolution
		{19E1C4ED-D3D8-4C19-A0BD-43279EDE13D5}.Debug|Any CPU.ActiveCfg = Debug|Any CPU
		{19E1C4ED-D3D8-4C19-A0BD-43279EDE13D5}.Debug|Any CPU.Build.0 = Debug|Any CPU
		{19E1C4ED-D3D8-4C19-A0BD-43279EDE13D5}.Release|Any CPU.ActiveCfg = Release|Any CPU
		{19E1C4ED-D3D8-4C19-A0BD-43279EDE13D5}.Release|Any CPU.Build.0 = Release|Any CPU
		{60C2440C-FF94-4A10-A2D1-F58FB6DCAD58}.Debug|Any CPU.ActiveCfg = Debug|Any CPU
		{60C2440C-FF94-4A10-A2D1-F58FB6DCAD58}.Debug|Any CPU.Build.0 = Debug|Any CPU
		{60C2440C-FF94-4A10-A2D1-F58FB6DCAD58}.Release|Any CPU.ActiveCfg = Release|Any CPU
		{60C2440C-FF94-4A10-A2D1-F58FB6DCAD58}.Release|Any CPU.Build.0 = Release|Any CPU
	EndGlobalSection
	GlobalSection(SolutionProperties) = preSolution
		HideSolutionNode = FALSE
	EndGlobalSection
	GlobalSection(ExtensibilityGlobals) = postSolution
		SolutionGuid = {4E0D7650-01B3-4511-8A95-3281E322552C}
	EndGlobalSection
EndGlobal
